
Microsoft Visual Studio Solution File, Format Version 12.00
# Visual Studio Version 16
VisualStudioVersion = 16.0.31702.278
MinimumVisualStudioVersion = 10.0.40219.1
Project("{9A19103F-16F7-4668-BE54-9A1E7A4F7556}") = "Marajoara.Cinema.Management.Domain", "Marajoara.Cinema.Management.Domain\Marajoara.Cinema.Management.Domain.csproj", "{9AEFEC2E-8D2E-4F2C-889E-163DCF434156}"
EndProject
Project("{2150E333-8FDC-42A3-9474-1A3956D46DE8}") = "4-Domain", "4-Domain", "{1A636B99-8E1F-4200-AEF7-8AC7924A270F}"
EndProject
Project("{2150E333-8FDC-42A3-9474-1A3956D46DE8}") = "2-Distributed Services", "2-Distributed Services", "{5FC3D867-B3E0-4B92-B4EA-976175B1A12F}"
EndProject
Project("{2150E333-8FDC-42A3-9474-1A3956D46DE8}") = "3-Application", "3-Application", "{266D5FA4-C6CC-482B-B157-37D3B3356807}"
EndProject
Project("{2150E333-8FDC-42A3-9474-1A3956D46DE8}") = "5-Infraestructure", "5-Infraestructure", "{6E4E0047-63D2-4072-989F-5FE977B52D8C}"
EndProject
Project("{2150E333-8FDC-42A3-9474-1A3956D46DE8}") = "Tests", "Tests", "{0F90A68B-F153-4527-A2AA-7A37F78903A4}"
EndProject
Project("{2150E333-8FDC-42A3-9474-1A3956D46DE8}") = "Tools", "Tools", "{35842D4C-814E-42CB-981D-B686134E0155}"
EndProject
Project("{2150E333-8FDC-42A3-9474-1A3956D46DE8}") = "4.1-Data", "4.1-Data", "{8F96C188-4477-4CD1-94BB-2D7F4489E076}"
EndProject
Project("{2150E333-8FDC-42A3-9474-1A3956D46DE8}") = "4.2-Framework", "4.2-Framework", "{B705428C-02B2-4C96-8C36-069C745140E8}"
EndProject
Project("{9A19103F-16F7-4668-BE54-9A1E7A4F7556}") = "Marajoara.Cinema.Management.Infra.Data.EF", "Marajoara.Cinema.Management.Infra.Data.EF\Marajoara.Cinema.Management.Infra.Data.EF.csproj", "{41213B28-9403-4410-9F47-32FDB808C6EF}"
EndProject
Project("{9A19103F-16F7-4668-BE54-9A1E7A4F7556}") = "Marajoara.Cinema.Management.Infra.Framework.IoC", "Marajoara.Cinema.Management.Infra.Framework.IoC\Marajoara.Cinema.Management.Infra.Framework.IoC.csproj", "{C3A6C40B-0D2C-4BCE-8FC9-22223E96654C}"
EndProject
Project("{2150E333-8FDC-42A3-9474-1A3956D46DE8}") = "1-Presentation", "1-Presentation", "{E8D92CA4-01CC-4A3C-A54F-CF6DC49642EF}"
EndProject
Project("{9A19103F-16F7-4668-BE54-9A1E7A4F7556}") = "Marajoara.Cinema.Management.ConsoleTest", "Marajoara.Cinema.Management.ConsoleTest\Marajoara.Cinema.Management.ConsoleTest.csproj", "{6F14EC77-B22A-4769-B101-444953203863}"
EndProject
Project("{9A19103F-16F7-4668-BE54-9A1E7A4F7556}") = "Marajoara.Cinema.Management.Tests", "Marajoara.Cinema.Management.Tests\Marajoara.Cinema.Management.Tests.csproj", "{91B9A945-9D23-41E0-BAC4-FC263263A9BD}"
EndProject
Project("{9A19103F-16F7-4668-BE54-9A1E7A4F7556}") = "Marajoara.Cinema.Management.Application", "Marajoara.Cinema.Management.Application\Marajoara.Cinema.Management.Application.csproj", "{5EEF07ED-EE18-402A-87B9-E9E369A1DCF8}"
EndProject
Project("{FAE04EC0-301F-11D3-BF4B-00C04F79EFBC}") = "Marajoara.Cinema.Management.Api", "Marajoara.Cinema.Management.Api\Marajoara.Cinema.Management.Api.csproj", "{4D8D244B-9186-4C22-B773-9B3A44133BAF}"
EndProject
Global
	GlobalSection(SolutionConfigurationPlatforms) = preSolution
		Debug|Any CPU = Debug|Any CPU
		Release|Any CPU = Release|Any CPU
	EndGlobalSection
	GlobalSection(ProjectConfigurationPlatforms) = postSolution
		{9AEFEC2E-8D2E-4F2C-889E-163DCF434156}.Debug|Any CPU.ActiveCfg = Debug|Any CPU
		{9AEFEC2E-8D2E-4F2C-889E-163DCF434156}.Debug|Any CPU.Build.0 = Debug|Any CPU
		{9AEFEC2E-8D2E-4F2C-889E-163DCF434156}.Release|Any CPU.ActiveCfg = Release|Any CPU
		{9AEFEC2E-8D2E-4F2C-889E-163DCF434156}.Release|Any CPU.Build.0 = Release|Any CPU
		{41213B28-9403-4410-9F47-32FDB808C6EF}.Debug|Any CPU.ActiveCfg = Debug|Any CPU
		{41213B28-9403-4410-9F47-32FDB808C6EF}.Debug|Any CPU.Build.0 = Debug|Any CPU
		{41213B28-9403-4410-9F47-32FDB808C6EF}.Release|Any CPU.ActiveCfg = Release|Any CPU
		{41213B28-9403-4410-9F47-32FDB808C6EF}.Release|Any CPU.Build.0 = Release|Any CPU
		{C3A6C40B-0D2C-4BCE-8FC9-22223E96654C}.Debug|Any CPU.ActiveCfg = Debug|Any CPU
		{C3A6C40B-0D2C-4BCE-8FC9-22223E96654C}.Debug|Any CPU.Build.0 = Debug|Any CPU
		{C3A6C40B-0D2C-4BCE-8FC9-22223E96654C}.Release|Any CPU.ActiveCfg = Release|Any CPU
		{C3A6C40B-0D2C-4BCE-8FC9-22223E96654C}.Release|Any CPU.Build.0 = Release|Any CPU
		{6F14EC77-B22A-4769-B101-444953203863}.Debug|Any CPU.ActiveCfg = Debug|Any CPU
		{6F14EC77-B22A-4769-B101-444953203863}.Debug|Any CPU.Build.0 = Debug|Any CPU
		{6F14EC77-B22A-4769-B101-444953203863}.Release|Any CPU.ActiveCfg = Release|Any CPU
		{6F14EC77-B22A-4769-B101-444953203863}.Release|Any CPU.Build.0 = Release|Any CPU
		{91B9A945-9D23-41E0-BAC4-FC263263A9BD}.Debug|Any CPU.ActiveCfg = Debug|Any CPU
		{91B9A945-9D23-41E0-BAC4-FC263263A9BD}.Debug|Any CPU.Build.0 = Debug|Any CPU
		{91B9A945-9D23-41E0-BAC4-FC263263A9BD}.Release|Any CPU.ActiveCfg = Release|Any CPU
		{91B9A945-9D23-41E0-BAC4-FC263263A9BD}.Release|Any CPU.Build.0 = Release|Any CPU
		{5EEF07ED-EE18-402A-87B9-E9E369A1DCF8}.Debug|Any CPU.ActiveCfg = Debug|Any CPU
		{5EEF07ED-EE18-402A-87B9-E9E369A1DCF8}.Debug|Any CPU.Build.0 = Debug|Any CPU
		{5EEF07ED-EE18-402A-87B9-E9E369A1DCF8}.Release|Any CPU.ActiveCfg = Release|Any CPU
		{5EEF07ED-EE18-402A-87B9-E9E369A1DCF8}.Release|Any CPU.Build.0 = Release|Any CPU
		{4D8D244B-9186-4C22-B773-9B3A44133BAF}.Debug|Any CPU.ActiveCfg = Debug|Any CPU
		{4D8D244B-9186-4C22-B773-9B3A44133BAF}.Debug|Any CPU.Build.0 = Debug|Any CPU
		{4D8D244B-9186-4C22-B773-9B3A44133BAF}.Release|Any CPU.ActiveCfg = Release|Any CPU
		{4D8D244B-9186-4C22-B773-9B3A44133BAF}.Release|Any CPU.Build.0 = Release|Any CPU
	EndGlobalSection
	GlobalSection(SolutionProperties) = preSolution
		HideSolutionNode = FALSE
	EndGlobalSection
	GlobalSection(NestedProjects) = preSolution
		{9AEFEC2E-8D2E-4F2C-889E-163DCF434156} = {1A636B99-8E1F-4200-AEF7-8AC7924A270F}
		{8F96C188-4477-4CD1-94BB-2D7F4489E076} = {6E4E0047-63D2-4072-989F-5FE977B52D8C}
		{B705428C-02B2-4C96-8C36-069C745140E8} = {6E4E0047-63D2-4072-989F-5FE977B52D8C}
		{41213B28-9403-4410-9F47-32FDB808C6EF} = {8F96C188-4477-4CD1-94BB-2D7F4489E076}
		{C3A6C40B-0D2C-4BCE-8FC9-22223E96654C} = {B705428C-02B2-4C96-8C36-069C745140E8}
		{6F14EC77-B22A-4769-B101-444953203863} = {35842D4C-814E-42CB-981D-B686134E0155}
		{91B9A945-9D23-41E0-BAC4-FC263263A9BD} = {0F90A68B-F153-4527-A2AA-7A37F78903A4}
		{5EEF07ED-EE18-402A-87B9-E9E369A1DCF8} = {266D5FA4-C6CC-482B-B157-37D3B3356807}
		{4D8D244B-9186-4C22-B773-9B3A44133BAF} = {5FC3D867-B3E0-4B92-B4EA-976175B1A12F}
	EndGlobalSection
	GlobalSection(ExtensibilityGlobals) = postSolution
		SolutionGuid = {293CCE32-062C-40F1-976D-2B4BBB118D5C}
	EndGlobalSection
EndGlobal
